<?xml version="1.0" encoding="utf-8"?>
<Project ToolsVersion="15.0" xmlns="http://schemas.microsoft.com/developer/msbuild/2003">
  <ItemGroup>
    <ClCompile Include="AntiAntiAim.cpp" />
    <ClCompile Include="Autowall.cpp" />
    <ClCompile Include="Chams.cpp" />
    <ClCompile Include="Controls.cpp" />
    <ClCompile Include="CRC32.cpp" />
    <ClCompile Include="DamageIndicator.cpp" />
    <ClCompile Include="DLLMain.cpp" />
    <ClCompile Include="Dumping.cpp" />
    <ClCompile Include="edgy.cpp" />
    <ClCompile Include="Entities.cpp" />
    <ClCompile Include="ESP.cpp" />
    <ClCompile Include="engine_prd.cpp" />
    <ClCompile Include="globalshh.cpp" />
    <ClCompile Include="GUI.cpp" />
    <ClCompile Include="Hacks.cpp" />
    <ClCompile Include="Hooks.cpp" />
    <ClCompile Include="INJ\ReflectiveLoader.cpp" />
    <ClCompile Include="Interfaces.cpp" />
    <ClCompile Include="LegitBot.cpp" />
    <ClCompile Include="MathFunctions.cpp" />
    <ClCompile Include="Menu.cpp" />
    <ClCompile Include="MetaInfo.cpp" />
    <ClCompile Include="MiscHacks.cpp" />
    <ClCompile Include="NetVarManager.cpp" />
    <ClCompile Include="NetVars.cpp" />
    <ClCompile Include="Offsets.cpp" />
    <ClCompile Include="RageBot.cpp" />
    <ClCompile Include="raged.cpp" />
    <ClCompile Include="RenderManager.cpp" />
    <ClCompile Include="Resolver.cpp" />
    <ClCompile Include="SpoofedConvar.cpp" />
    <ClCompile Include="tinyxml2.cpp" />
    <ClCompile Include="UTIL Functions.cpp" />
    <ClCompile Include="Utilities.cpp" />
    <ClCompile Include="Visual.cpp" />
    <ClCompile Include="Window.cpp" />
    <ClCompile Include="chamsnewtest.cpp" />
    <ClCompile Include="laggycompensation.cpp" />
    <ClCompile Include="Fakelag.cpp" />
    <ClCompile Include="EnginePrediction.cpp" />
    <ClCompile Include="knifebot.cpp" />
    <ClCompile Include="autodefuse.cpp" />
    <ClCompile Include="circlestrafer.cpp" />
    <ClCompile Include="lodepng.cpp" />
    <ClCompile Include="extrapolation.cpp" />
    <ClCompile Include="SDK.cpp" />
    <ClCompile Include="radar.cpp" />
    <ClCompile Include="kobe.cpp" />
    <ClCompile Include="global_count.cpp" />
  </ItemGroup>
  <ItemGroup>
    <ClInclude Include="AntiAntiAim.h" />
    <ClInclude Include="AntiLeak.h" />
    <ClInclude Include="Autowall.h" />
    <ClInclude Include="BaseClient.h" />
    <ClInclude Include="bspflags.h" />
    <ClInclude Include="CBulletListener.h" />
    <ClInclude Include="Chams.h" />
    <ClInclude Include="ClientRecvProps.h" />
    <ClInclude Include="CommonIncludes.h" />
    <ClInclude Include="Controls.h" />
    <ClInclude Include="CRC32.h" />
    <ClInclude Include="DamageIndicator.h" />
    <ClInclude Include="DLLMain.h" />
    <ClInclude Include="Dumping.h" />
    <ClInclude Include="edge.h" />
    <ClInclude Include="EngineClient.h" />
    <ClInclude Include="Entities.h" />
    <ClInclude Include="ESP.h" />
    <ClInclude Include="engine_prd.h" />
    <ClInclude Include="GlowManager.h" />
    <ClInclude Include="GUI.h" />
    <ClInclude Include="Hacks.h" />
    <ClInclude Include="globalshhh.h" />
    <ClInclude Include="xor.h" />
    <ClInclude Include="hitmarker.h" />
    <ClInclude Include="idk.h" />
    <ClInclude Include="LagCompensation2.h" />
    <ClInclude Include="pasted.h" />
    <ClInclude Include="Proxies.h" />
    <ClInclude Include="raged.h" />
    <ClInclude Include="Records.h" />
    <ClInclude Include="Resolver.h" />
    <ClInclude Include="ResolverNew.h" />
    <ClInclude Include="Skins.h" />
    <ClInclude Include="winwindef.h" />
    <ClInclude Include="Hooks.h" />
    <ClInclude Include="INJ\ReflectiveDLLInjection.h" />
    <ClInclude Include="INJ\ReflectiveLoader.h" />
    <ClInclude Include="Interfaces.h" />
    <ClInclude Include="LegitBot.h" />
    <ClInclude Include="Materials.h" />
    <ClInclude Include="MathFunctions.h" />
    <ClInclude Include="Menu.h" />
    <ClInclude Include="MetaInfo.h" />
    <ClInclude Include="MiscClasses.h" />
    <ClInclude Include="MiscDefinitions.h" />
    <ClInclude Include="MiscHacks.h" />
    <ClInclude Include="NetVars.h" />
    <ClInclude Include="Offsets.h" />
    <ClInclude Include="RageBot.h" />
    <ClInclude Include="RenderManager.h" />
    <ClInclude Include="SDK.h" />
    <ClInclude Include="Surface.h" />
    <ClInclude Include="tinyxml2.h" />
    <ClInclude Include="UTIL Functions.h" />
    <ClInclude Include="Utilities.h" />
    <ClInclude Include="Vector.h" />
    <ClInclude Include="Vector2D.h" />
    <ClInclude Include="Visuals.h" />
    <ClInclude Include="xostr.h" />
    <ClInclude Include="SDK.h" />
    <ClInclude Include="lin_extp.h" />
    <ClInclude Include="CClientState.h" />
    <ClInclude Include="XorStr.hpp" />
    <ClInclude Include="glow_outline_effect.h" />
    <ClInclude Include="laggycompensation.h" />
    <ClInclude Include="Singleton.hpp" />
    <ClInclude Include="Fakelag.h" />
    <ClInclude Include="EnginePrediction.h" />
    <ClInclude Include="IClientMode.h" />
    <ClInclude Include="knifebot.h" />
    <ClInclude Include="autodefuse.h" />
    <ClInclude Include="FakeLatency.h" />
    <ClInclude Include="CUtlVector.h" />
    <ClInclude Include="circlestrafer.h" />
    <ClInclude Include="lodepng.h" />
    <ClInclude Include="resource.h" />
    <ClInclude Include="radar.h" />
    <ClInclude Include="CHANGELOG_YEET.h" />
    <ClInclude Include="kobe.h" />
    <ClInclude Include="singleton.h" />
    <ClInclude Include="global_count.h" />
    <ClInclude Include="awh.h" />
  </ItemGroup>
  <ItemGroup>
    <None Include="ClassDiagram.cd" />
    <None Include="ClassDiagram1.cd" />
    <None Include="hooks.backup" />
  </ItemGroup>
</Project>